
Microsoft Visual Studio Solution File, Format Version 12.00
# Visual Studio Version 17
VisualStudioVersion = 17.7.34009.444
MinimumVisualStudioVersion = 10.0.40219.1
Project("{9A19103F-16F7-4668-BE54-9A1E7A4F7556}") = "DroneTropsPlanner.Test", "DroneTropsPlanner.Test\DroneTropsPlanner.Test\DroneTropsPlanner.Test.csproj", "{76DA493A-F42C-4D60-A40C-F68EC7F05B67}"
EndProject
Project("{9A19103F-16F7-4668-BE54-9A1E7A4F7556}") = "DroneTripsPlanner", "DroneTripPlanner\DroneTripsPlanner.csproj", "{AB1C1A0D-8199-4575-BB64-7A578152E376}"
EndProject
Global
	GlobalSection(SolutionConfigurationPlatforms) = preSolution
		Debug|Any CPU = Debug|Any CPU
		Release|Any CPU = Release|Any CPU
	EndGlobalSection
	GlobalSection(ProjectConfigurationPlatforms) = postSolution
		{76DA493A-F42C-4D60-A40C-F68EC7F05B67}.Debug|Any CPU.ActiveCfg = Debug|Any CPU
		{76DA493A-F42C-4D60-A40C-F68EC7F05B67}.Debug|Any CPU.Build.0 = Debug|Any CPU
		{76DA493A-F42C-4D60-A40C-F68EC7F05B67}.Release|Any CPU.ActiveCfg = Release|Any CPU
		{76DA493A-F42C-4D60-A40C-F68EC7F05B67}.Release|Any CPU.Build.0 = Release|Any CPU
		{AB1C1A0D-8199-4575-BB64-7A578152E376}.Debug|Any CPU.ActiveCfg = Debug|Any CPU
		{AB1C1A0D-8199-4575-BB64-7A578152E376}.Debug|Any CPU.Build.0 = Debug|Any CPU
		{AB1C1A0D-8199-4575-BB64-7A578152E376}.Release|Any CPU.ActiveCfg = Release|Any CPU
		{AB1C1A0D-8199-4575-BB64-7A578152E376}.Release|Any CPU.Build.0 = Release|Any CPU
	EndGlobalSection
	GlobalSection(SolutionProperties) = preSolution
		HideSolutionNode = FALSE
	EndGlobalSection
	GlobalSection(ExtensibilityGlobals) = postSolution
		SolutionGuid = {FB9A4281-04C9-45C3-9BA6-5DDC262E81D3}
	EndGlobalSection
EndGlobal
